
Microsoft Visual Studio Solution File, Format Version 12.00
# Visual Studio Version 16
VisualStudioVersion = 16.0.32428.217
MinimumVisualStudioVersion = 10.0.40219.1
Project("{FAE04EC0-301F-11D3-BF4B-00C04F79EFBC}") = "PersistAssist", "PersistAssist.csproj", "{9CD39515-FF4B-445C-BDD2-E01BF4BE6A6E}"
EndProject
Global
	GlobalSection(SolutionConfigurationPlatforms) = preSolution
		Debug|Any CPU = Debug|Any CPU
		Release|Any CPU = Release|Any CPU
	EndGlobalSection
	GlobalSection(ProjectConfigurationPlatforms) = postSolution
		{9CD39515-FF4B-445C-BDD2-E01BF4BE6A6E}.Debug|Any CPU.ActiveCfg = Debug|Any CPU
		{9CD39515-FF4B-445C-BDD2-E01BF4BE6A6E}.Debug|Any CPU.Build.0 = Debug|Any CPU
		{9CD39515-FF4B-445C-BDD2-E01BF4BE6A6E}.Release|Any CPU.ActiveCfg = Release|Any CPU
		{9CD39515-FF4B-445C-BDD2-E01BF4BE6A6E}.Release|Any CPU.Build.0 = Release|Any CPU
	EndGlobalSection
	GlobalSection(SolutionProperties) = preSolution
		HideSolutionNode = FALSE
	EndGlobalSection
	GlobalSection(ExtensibilityGlobals) = postSolution
		SolutionGuid = {CD8D42A8-2EB8-4F64-94A1-64A31B1871E5}
	EndGlobalSection
EndGlobal
